// !$*UTF8*$!
{
	archiveVersion = 1;
	classes = {
	};
	objectVersion = 77;
	objects = {

/* Begin PBXContainerItemProxy section */
		6D585B012D38AE4500B194FA /* PBXContainerItemProxy */ = {
			isa = PBXContainerItemProxy;
			containerPortal = 6D585AE82D38AE4200B194FA /* Project object */;
			proxyType = 1;
			remoteGlobalIDString = 6D585AEF2D38AE4200B194FA;
			remoteInfo = WeatherApp2;
		};
		6D585B0B2D38AE4500B194FA /* PBXContainerItemProxy */ = {
			isa = PBXContainerItemProxy;
			containerPortal = 6D585AE82D38AE4200B194FA /* Project object */;
			proxyType = 1;
			remoteGlobalIDString = 6D585AEF2D38AE4200B194FA;
			remoteInfo = WeatherApp2;
		};
/* End PBXContainerItemProxy section */

/* Begin PBXFileReference section */
		6D585AF02D38AE4200B194FA /* WeatherApp2.app */ = {isa = PBXFileReference; explicitFileType = wrapper.application; includeInIndex = 0; path = WeatherApp2.app; sourceTree = BUILT_PRODUCTS_DIR; };
		6D585B002D38AE4500B194FA /* WeatherApp2Tests.xctest */ = {isa = PBXFileReference; explicitFileType = wrapper.cfbundle; includeInIndex = 0; path = WeatherApp2Tests.xctest; sourceTree = BUILT_PRODUCTS_DIR; };
		6D585B0A2D38AE4500B194FA /* WeatherApp2UITests.xctest */ = {isa = PBXFileReference; explicitFileType = wrapper.cfbundle; includeInIndex = 0; path = WeatherApp2UITests.xctest; sourceTree = BUILT_PRODUCTS_DIR; };
/* End PBXFileReference section */

/* Begin PBXFileSystemSynchronizedRootGroup section */
		6D585AF22D38AE4200B194FA /* WeatherApp2 */ = {
			isa = PBXFileSystemSynchronizedRootGroup;
			path = WeatherApp2;
			sourceTree = "<group>";
		};
		6D585B032D38AE4500B194FA /* WeatherApp2Tests */ = {
			isa = PBXFileSystemSynchronizedRootGroup;
			path = WeatherApp2Tests;
			sourceTree = "<group>";
		};
		6D585B0D2D38AE4500B194FA /* WeatherApp2UITests */ = {
			isa = PBXFileSystemSynchronizedRootGroup;
			path = WeatherApp2UITests;
			sourceTree = "<group>";
		};
/* End PBXFileSystemSynchronizedRootGroup section */

/* Begin PBXFrameworksBuildPhase section */
		6D585AED2D38AE4200B194FA /* Frameworks */ = {
			isa = PBXFrameworksBuildPhase;
			buildActionMask = 2147483647;
			files = (
			);
			runOnlyForDeploymentPostprocessing = 0;
		};
		6D585AFD2D38AE4500B194FA /* Frameworks */ = {
			isa = PBXFrameworksBuildPhase;
			buildActionMask = 2147483647;
			files = (
			);
			runOnlyForDeploymentPostprocessing = 0;
		};
		6D585B072D38AE4500B194FA /* Frameworks */ = {
			isa = PBXFrameworksBuildPhase;
			buildActionMask = 2147483647;
			files = (
			);
			runOnlyForDeploymentPostprocessing = 0;
		};
/* End PBXFrameworksBuildPhase section */

/* Begin PBXGroup section */
		6D585AE72D38AE4200B194FA = {
			isa = PBXGroup;
			children = (
				6D585AF22D38AE4200B194FA /* WeatherApp2 */,
				6D585B032D38AE4500B194FA /* WeatherApp2Tests */,
				6D585B0D2D38AE4500B194FA /* WeatherApp2UITests */,
				6D585AF12D38AE4200B194FA /* Products */,
			);
			sourceTree = "<group>";
		};
		6D585AF12D38AE4200B194FA /* Products */ = {
			isa = PBXGroup;
			children = (
				6D585AF02D38AE4200B194FA /* WeatherApp2.app */,
				6D585B002D38AE4500B194FA /* WeatherApp2Tests.xctest */,
				6D585B0A2D38AE4500B194FA /* WeatherApp2UITests.xctest */,
			);
			name = Products;
			sourceTree = "<group>";
		};
/* End PBXGroup section */

/* Begin PBXNativeTarget section */
		6D585AEF2D38AE4200B194FA /* WeatherApp2 */ = {
			isa = PBXNativeTarget;
			buildConfigurationList = 6D585B142D38AE4500B194FA /* Build configuration list for PBXNativeTarget "WeatherApp2" */;
			buildPhases = (
				6D585AEC2D38AE4200B194FA /* Sources */,
				6D585AED2D38AE4200B194FA /* Frameworks */,
				6D585AEE2D38AE4200B194FA /* Resources */,
			);
			buildRules = (
			);
			dependencies = (
			);
			fileSystemSynchronizedGroups = (
				6D585AF22D38AE4200B194FA /* WeatherApp2 */,
			);
			name = WeatherApp2;
			packageProductDependencies = (
			);
			productName = WeatherApp2;
			productReference = 6D585AF02D38AE4200B194FA /* WeatherApp2.app */;
			productType = "com.apple.product-type.application";
		};
		6D585AFF2D38AE4500B194FA /* WeatherApp2Tests */ = {
			isa = PBXNativeTarget;
			buildConfigurationList = 6D585B172D38AE4500B194FA /* Build configuration list for PBXNativeTarget "WeatherApp2Tests" */;
			buildPhases = (
				6D585AFC2D38AE4500B194FA /* Sources */,
				6D585AFD2D38AE4500B194FA /* Frameworks */,
				6D585AFE2D38AE4500B194FA /* Resources */,
			);
			buildRules = (
			);
			dependencies = (
				6D585B022D38AE4500B194FA /* PBXTargetDependency */,
			);
			fileSystemSynchronizedGroups = (
				6D585B032D38AE4500B194FA /* WeatherApp2Tests */,
			);
			name = WeatherApp2Tests;
			packageProductDependencies = (
			);
			productName = WeatherApp2Tests;
			productReference = 6D585B002D38AE4500B194FA /* WeatherApp2Tests.xctest */;
			productType = "com.apple.product-type.bundle.unit-test";
		};
		6D585B092D38AE4500B194FA /* WeatherApp2UITests */ = {
			isa = PBXNativeTarget;
			buildConfigurationList = 6D585B1A2D38AE4500B194FA /* Build configuration list for PBXNativeTarget "WeatherApp2UITests" */;
			buildPhases = (
				6D585B062D38AE4500B194FA /* Sources */,
				6D585B072D38AE4500B194FA /* Frameworks */,
				6D585B082D38AE4500B194FA /* Resources */,
			);
			buildRules = (
			);
			dependencies = (
				6D585B0C2D38AE4500B194FA /* PBXTargetDependency */,
			);
			fileSystemSynchronizedGroups = (
				6D585B0D2D38AE4500B194FA /* WeatherApp2UITests */,
			);
			name = WeatherApp2UITests;
			packageProductDependencies = (
			);
			productName = WeatherApp2UITests;
			productReference = 6D585B0A2D38AE4500B194FA /* WeatherApp2UITests.xctest */;
			productType = "com.apple.product-type.bundle.ui-testing";
		};
/* End PBXNativeTarget section */

/* Begin PBXProject section */
		6D585AE82D38AE4200B194FA /* Project object */ = {
			isa = PBXProject;
			attributes = {
				BuildIndependentTargetsInParallel = 1;
				LastSwiftUpdateCheck = 1600;
				LastUpgradeCheck = 1600;
				TargetAttributes = {
					6D585AEF2D38AE4200B194FA = {
						CreatedOnToolsVersion = 16.0;
					};
					6D585AFF2D38AE4500B194FA = {
						CreatedOnToolsVersion = 16.0;
						TestTargetID = 6D585AEF2D38AE4200B194FA;
					};
					6D585B092D38AE4500B194FA = {
						CreatedOnToolsVersion = 16.0;
						TestTargetID = 6D585AEF2D38AE4200B194FA;
					};
				};
			};
			buildConfigurationList = 6D585AEB2D38AE4200B194FA /* Build configuration list for PBXProject "WeatherApp2" */;
			developmentRegion = en;
			hasScannedForEncodings = 0;
			knownRegions = (
				en,
				Base,
			);
			mainGroup = 6D585AE72D38AE4200B194FA;
			minimizedProjectReferenceProxies = 1;
			preferredProjectObjectVersion = 77;
			productRefGroup = 6D585AF12D38AE4200B194FA /* Products */;
			projectDirPath = "";
			projectRoot = "";
			targets = (
				6D585AEF2D38AE4200B194FA /* WeatherApp2 */,
				6D585AFF2D38AE4500B194FA /* WeatherApp2Tests */,
				6D585B092D38AE4500B194FA /* WeatherApp2UITests */,
			);
		};
/* End PBXProject section */

/* Begin PBXResourcesBuildPhase section */
		6D585AEE2D38AE4200B194FA /* Resources */ = {
			isa = PBXResourcesBuildPhase;
			buildActionMask = 2147483647;
			files = (
			);
			runOnlyForDeploymentPostprocessing = 0;
		};
		6D585AFE2D38AE4500B194FA /* Resources */ = {
			isa = PBXResourcesBuildPhase;
			buildActionMask = 2147483647;
			files = (
			);
			runOnlyForDeploymentPostprocessing = 0;
		};
		6D585B082D38AE4500B194FA /* Resources */ = {
			isa = PBXResourcesBuildPhase;
			buildActionMask = 2147483647;
			files = (
			);
			runOnlyForDeploymentPostprocessing = 0;
		};
/* End PBXResourcesBuildPhase section */

/* Begin PBXSourcesBuildPhase section */
		6D585AEC2D38AE4200B194FA /* Sources */ = {
			isa = PBXSourcesBuildPhase;
			buildActionMask = 2147483647;
			files = (
			);
			runOnlyForDeploymentPostprocessing = 0;
		};
		6D585AFC2D38AE4500B194FA /* Sources */ = {
			isa = PBXSourcesBuildPhase;
			buildActionMask = 2147483647;
			files = (
			);
			runOnlyForDeploymentPostprocessing = 0;
		};
		6D585B062D38AE4500B194FA /* Sources */ = {
			isa = PBXSourcesBuildPhase;
			buildActionMask = 2147483647;
			files = (
			);
			runOnlyForDeploymentPostprocessing = 0;
		};
/* End PBXSourcesBuildPhase section */

/* Begin PBXTargetDependency section */
		6D585B022D38AE4500B194FA /* PBXTargetDependency */ = {
			isa = PBXTargetDependency;
			target = 6D585AEF2D38AE4200B194FA /* WeatherApp2 */;
			targetProxy = 6D585B012D38AE4500B194FA /* PBXContainerItemProxy */;
		};
		6D585B0C2D38AE4500B194FA /* PBXTargetDependency */ = {
			isa = PBXTargetDependency;
			target = 6D585AEF2D38AE4200B194FA /* WeatherApp2 */;
			targetProxy = 6D585B0B2D38AE4500B194FA /* PBXContainerItemProxy */;
		};
/* End PBXTargetDependency section */

/* Begin XCBuildConfiguration section */
		6D585B122D38AE4500B194FA /* Debug */ = {
			isa = XCBuildConfiguration;
			buildSettings = {
				ALWAYS_SEARCH_USER_PATHS = NO;
				ASSETCATALOG_COMPILER_GENERATE_SWIFT_ASSET_SYMBOL_EXTENSIONS = YES;
				CLANG_ANALYZER_NONNULL = YES;
				CLANG_ANALYZER_NUMBER_OBJECT_CONVERSION = YES_AGGRESSIVE;
				CLANG_CXX_LANGUAGE_STANDARD = "gnu++20";
				CLANG_ENABLE_MODULES = YES;
				CLANG_ENABLE_OBJC_ARC = YES;
				CLANG_ENABLE_OBJC_WEAK = YES;
				CLANG_WARN_BLOCK_CAPTURE_AUTORELEASING = YES;
				CLANG_WARN_BOOL_CONVERSION = YES;
				CLANG_WARN_COMMA = YES;
				CLANG_WARN_CONSTANT_CONVERSION = YES;
				CLANG_WARN_DEPRECATED_OBJC_IMPLEMENTATIONS = YES;
				CLANG_WARN_DIRECT_OBJC_ISA_USAGE = YES_ERROR;
				CLANG_WARN_DOCUMENTATION_COMMENTS = YES;
				CLANG_WARN_EMPTY_BODY = YES;
				CLANG_WARN_ENUM_CONVERSION = YES;
				CLANG_WARN_INFINITE_RECURSION = YES;
				CLANG_WARN_INT_CONVERSION = YES;
				CLANG_WARN_NON_LITERAL_NULL_CONVERSION = YES;
				CLANG_WARN_OBJC_IMPLICIT_RETAIN_SELF = YES;
				CLANG_WARN_OBJC_LITERAL_CONVERSION = YES;
				CLANG_WARN_OBJC_ROOT_CLASS = YES_ERROR;
				CLANG_WARN_QUOTED_INCLUDE_IN_FRAMEWORK_HEADER = YES;
				CLANG_WARN_RANGE_LOOP_ANALYSIS = YES;
				CLANG_WARN_STRICT_PROTOTYPES = YES;
				CLANG_WARN_SUSPICIOUS_MOVE = YES;
				CLANG_WARN_UNGUARDED_AVAILABILITY = YES_AGGRESSIVE;
				CLANG_WARN_UNREACHABLE_CODE = YES;
				CLANG_WARN__DUPLICATE_METHOD_MATCH = YES;
				COPY_PHASE_STRIP = NO;
				DEBUG_INFORMATION_FORMAT = dwarf;
				ENABLE_STRICT_OBJC_MSGSEND = YES;
				ENABLE_TESTABILITY = YES;
				ENABLE_USER_SCRIPT_SANDBOXING = YES;
				GCC_C_LANGUAGE_STANDARD = gnu17;
				GCC_DYNAMIC_NO_PIC = NO;
				GCC_NO_COMMON_BLOCKS = YES;
				GCC_OPTIMIZATION_LEVEL = 0;
				GCC_PREPROCESSOR_DEFINITIONS = (
					"DEBUG=1",
					"$(inherited)",
				);
				GCC_WARN_64_TO_32_BIT_CONVERSION = YES;
				GCC_WARN_ABOUT_RETURN_TYPE = YES_ERROR;
				GCC_WARN_UNDECLARED_SELECTOR = YES;
				GCC_WARN_UNINITIALIZED_AUTOS = YES_AGGRESSIVE;
				GCC_WARN_UNUSED_FUNCTION = YES;
				GCC_WARN_UNUSED_VARIABLE = YES;
				IPHONEOS_DEPLOYMENT_TARGET = 18.0;
				LOCALIZATION_PREFERS_STRING_CATALOGS = YES;
				MTL_ENABLE_DEBUG_INFO = INCLUDE_SOURCE;
				MTL_FAST_MATH = YES;
				ONLY_ACTIVE_ARCH = YES;
				SDKROOT = iphoneos;
				SWIFT_ACTIVE_COMPILATION_CONDITIONS = "DEBUG $(inherited)";
				SWIFT_OPTIMIZATION_LEVEL = "-Onone";
			};
			name = Debug;
		};
		6D585B132D38AE4500B194FA /* Release */ = {
			isa = XCBuildConfiguration;
			buildSettings = {
				ALWAYS_SEARCH_USER_PATHS = NO;
				ASSETCATALOG_COMPILER_GENERATE_SWIFT_ASSET_SYMBOL_EXTENSIONS = YES;
				CLANG_ANALYZER_NONNULL = YES;
				CLANG_ANALYZER_NUMBER_OBJECT_CONVERSION = YES_AGGRESSIVE;
				CLANG_CXX_LANGUAGE_STANDARD = "gnu++20";
				CLANG_ENABLE_MODULES = YES;
				CLANG_ENABLE_OBJC_ARC = YES;
				CLANG_ENABLE_OBJC_WEAK = YES;
				CLANG_WARN_BLOCK_CAPTURE_AUTORELEASING = YES;
				CLANG_WARN_BOOL_CONVERSION = YES;
				CLANG_WARN_COMMA = YES;
				CLANG_WARN_CONSTANT_CONVERSION = YES;
				CLANG_WARN_DEPRECATED_OBJC_IMPLEMENTATIONS = YES;
				CLANG_WARN_DIRECT_OBJC_ISA_USAGE = YES_ERROR;
				CLANG_WARN_DOCUMENTATION_COMMENTS = YES;
				CLANG_WARN_EMPTY_BODY = YES;
				CLANG_WARN_ENUM_CONVERSION = YES;
				CLANG_WARN_INFINITE_RECURSION = YES;
				CLANG_WARN_INT_CONVERSION = YES;
				CLANG_WARN_NON_LITERAL_NULL_CONVERSION = YES;
				CLANG_WARN_OBJC_IMPLICIT_RETAIN_SELF = YES;
				CLANG_WARN_OBJC_LITERAL_CONVERSION = YES;
				CLANG_WARN_OBJC_ROOT_CLASS = YES_ERROR;
				CLANG_WARN_QUOTED_INCLUDE_IN_FRAMEWORK_HEADER = YES;
				CLANG_WARN_RANGE_LOOP_ANALYSIS = YES;
				CLANG_WARN_STRICT_PROTOTYPES = YES;
				CLANG_WARN_SUSPICIOUS_MOVE = YES;
				CLANG_WARN_UNGUARDED_AVAILABILITY = YES_AGGRESSIVE;
				CLANG_WARN_UNREACHABLE_CODE = YES;
				CLANG_WARN__DUPLICATE_METHOD_MATCH = YES;
				COPY_PHASE_STRIP = NO;
				DEBUG_INFORMATION_FORMAT = "dwarf-with-dsym";
				ENABLE_NS_ASSERTIONS = NO;
				ENABLE_STRICT_OBJC_MSGSEND = YES;
				ENABLE_USER_SCRIPT_SANDBOXING = YES;
				GCC_C_LANGUAGE_STANDARD = gnu17;
				GCC_NO_COMMON_BLOCKS = YES;
				GCC_WARN_64_TO_32_BIT_CONVERSION = YES;
				GCC_WARN_ABOUT_RETURN_TYPE = YES_ERROR;
				GCC_WARN_UNDECLARED_SELECTOR = YES;
				GCC_WARN_UNINITIALIZED_AUTOS = YES_AGGRESSIVE;
				GCC_WARN_UNUSED_FUNCTION = YES;
				GCC_WARN_UNUSED_VARIABLE = YES;
				IPHONEOS_DEPLOYMENT_TARGET = 18.0;
				LOCALIZATION_PREFERS_STRING_CATALOGS = YES;
				MTL_ENABLE_DEBUG_INFO = NO;
				MTL_FAST_MATH = YES;
				SDKROOT = iphoneos;
				SWIFT_COMPILATION_MODE = wholemodule;
				VALIDATE_PRODUCT = YES;
			};
			name = Release;
		};
		6D585B152D38AE4500B194FA /* Debug */ = {
			isa = XCBuildConfiguration;
			buildSettings = {
				ASSETCATALOG_COMPILER_APPICON_NAME = AppIcon;
				ASSETCATALOG_COMPILER_GLOBAL_ACCENT_COLOR_NAME = AccentColor;
				CODE_SIGN_STYLE = Automatic;
				CURRENT_PROJECT_VERSION = 1;
				DEVELOPMENT_ASSET_PATHS = "\"WeatherApp2/Preview Content\"";
				DEVELOPMENT_TEAM = K5SW72P64L;
				ENABLE_PREVIEWS = YES;
				GENERATE_INFOPLIST_FILE = YES;
				INFOPLIST_KEY_UIApplicationSceneManifest_Generation = YES;
				INFOPLIST_KEY_UIApplicationSupportsIndirectInputEvents = YES;
				INFOPLIST_KEY_UILaunchScreen_Generation = YES;
				INFOPLIST_KEY_UISupportedInterfaceOrientations_iPad = "UIInterfaceOrientationPortrait UIInterfaceOrientationPortraitUpsideDown UIInterfaceOrientationLandscapeLeft UIInterfaceOrientationLandscapeRight";
				INFOPLIST_KEY_UISupportedInterfaceOrientations_iPhone = "UIInterfaceOrientationPortrait UIInterfaceOrientationLandscapeLeft UIInterfaceOrientationLandscapeRight";
				LD_RUNPATH_SEARCH_PATHS = (
					"$(inherited)",
					"@executable_path/Frameworks",
				);
				MARKETING_VERSION = 1.0;
				PRODUCT_BUNDLE_IDENTIFIER = io.abdi.WeatherApp2;
				PRODUCT_NAME = "$(TARGET_NAME)";
				SWIFT_EMIT_LOC_STRINGS = YES;
				SWIFT_VERSION = 5.0;
				TARGETED_DEVICE_FAMILY = "1,2";
			};
			name = Debug;
		};
		6D585B162D38AE4500B194FA /* Release */ = {
			isa = XCBuildConfiguration;
			buildSettings = {
				ASSETCATALOG_COMPILER_APPICON_NAME = AppIcon;
				ASSETCATALOG_COMPILER_GLOBAL_ACCENT_COLOR_NAME = AccentColor;
				CODE_SIGN_STYLE = Automatic;
				CURRENT_PROJECT_VERSION = 1;
				DEVELOPMENT_ASSET_PATHS = "\"WeatherApp2/Preview Content\"";
				DEVELOPMENT_TEAM = K5SW72P64L;
				ENABLE_PREVIEWS = YES;
				GENERATE_INFOPLIST_FILE = YES;
				INFOPLIST_KEY_UIApplicationSceneManifest_Generation = YES;
				INFOPLIST_KEY_UIApplicationSupportsIndirectInputEvents = YES;
				INFOPLIST_KEY_UILaunchScreen_Generation = YES;
				INFOPLIST_KEY_UISupportedInterfaceOrientations_iPad = "UIInterfaceOrientationPortrait UIInterfaceOrientationPortraitUpsideDown UIInterfaceOrientationLandscapeLeft UIInterfaceOrientationLandscapeRight";
				INFOPLIST_KEY_UISupportedInterfaceOrientations_iPhone = "UIInterfaceOrientationPortrait UIInterfaceOrientationLandscapeLeft UIInterfaceOrientationLandscapeRight";
				LD_RUNPATH_SEARCH_PATHS = (
					"$(inherited)",
					"@executable_path/Frameworks",
				);
				MARKETING_VERSION = 1.0;
				PRODUCT_BUNDLE_IDENTIFIER = io.abdi.WeatherApp2;
				PRODUCT_NAME = "$(TARGET_NAME)";
				SWIFT_EMIT_LOC_STRINGS = YES;
				SWIFT_VERSION = 5.0;
				TARGETED_DEVICE_FAMILY = "1,2";
			};
			name = Release;
		};
		6D585B182D38AE4500B194FA /* Debug */ = {
			isa = XCBuildConfiguration;
			buildSettings = {
				BUNDLE_LOADER = "$(TEST_HOST)";
				CODE_SIGN_STYLE = Automatic;
				CURRENT_PROJECT_VERSION = 1;
				DEVELOPMENT_TEAM = K5SW72P64L;
				GENERATE_INFOPLIST_FILE = YES;
				IPHONEOS_DEPLOYMENT_TARGET = 18.0;
				MARKETING_VERSION = 1.0;
				PRODUCT_BUNDLE_IDENTIFIER = io.abdi.WeatherApp2Tests;
				PRODUCT_NAME = "$(TARGET_NAME)";
				SWIFT_EMIT_LOC_STRINGS = NO;
				SWIFT_VERSION = 5.0;
				TARGETED_DEVICE_FAMILY = "1,2";
				TEST_HOST = "$(BUILT_PRODUCTS_DIR)/WeatherApp2.app/$(BUNDLE_EXECUTABLE_FOLDER_PATH)/WeatherApp2";
			};
			name = Debug;
		};
		6D585B192D38AE4500B194FA /* Release */ = {
			isa = XCBuildConfiguration;
			buildSettings = {
				BUNDLE_LOADER = "$(TEST_HOST)";
				CODE_SIGN_STYLE = Automatic;
				CURRENT_PROJECT_VERSION = 1;
				DEVELOPMENT_TEAM = K5SW72P64L;
				GENERATE_INFOPLIST_FILE = YES;
				IPHONEOS_DEPLOYMENT_TARGET = 18.0;
				MARKETING_VERSION = 1.0;
				PRODUCT_BUNDLE_IDENTIFIER = io.abdi.WeatherApp2Tests;
				PRODUCT_NAME = "$(TARGET_NAME)";
				SWIFT_EMIT_LOC_STRINGS = NO;
				SWIFT_VERSION = 5.0;
				TARGETED_DEVICE_FAMILY = "1,2";
				TEST_HOST = "$(BUILT_PRODUCTS_DIR)/WeatherApp2.app/$(BUNDLE_EXECUTABLE_FOLDER_PATH)/WeatherApp2";
			};
			name = Release;
		};
		6D585B1B2D38AE4500B194FA /* Debug */ = {
			isa = XCBuildConfiguration;
			buildSettings = {
				CODE_SIGN_STYLE = Automatic;
				CURRENT_PROJECT_VERSION = 1;
				DEVELOPMENT_TEAM = K5SW72P64L;
				GENERATE_INFOPLIST_FILE = YES;
				MARKETING_VERSION = 1.0;
				PRODUCT_BUNDLE_IDENTIFIER = io.abdi.WeatherApp2UITests;
				PRODUCT_NAME = "$(TARGET_NAME)";
				SWIFT_EMIT_LOC_STRINGS = NO;
				SWIFT_VERSION = 5.0;
				TARGETED_DEVICE_FAMILY = "1,2";
				TEST_TARGET_NAME = WeatherApp2;
			};
			name = Debug;
		};
		6D585B1C2D38AE4500B194FA /* Release */ = {
			isa = XCBuildConfiguration;
			buildSettings = {
				CODE_SIGN_STYLE = Automatic;
				CURRENT_PROJECT_VERSION = 1;
				DEVELOPMENT_TEAM = K5SW72P64L;
				GENERATE_INFOPLIST_FILE = YES;
				MARKETING_VERSION = 1.0;
				PRODUCT_BUNDLE_IDENTIFIER = io.abdi.WeatherApp2UITests;
				PRODUCT_NAME = "$(TARGET_NAME)";
				SWIFT_EMIT_LOC_STRINGS = NO;
				SWIFT_VERSION = 5.0;
				TARGETED_DEVICE_FAMILY = "1,2";
				TEST_TARGET_NAME = WeatherApp2;
			};
			name = Release;
		};
/* End XCBuildConfiguration section */

/* Begin XCConfigurationList section */
		6D585AEB2D38AE4200B194FA /* Build configuration list for PBXProject "WeatherApp2" */ = {
			isa = XCConfigurationList;
			buildConfigurations = (
				6D585B122D38AE4500B194FA /* Debug */,
				6D585B132D38AE4500B194FA /* Release */,
			);
			defaultConfigurationIsVisible = 0;
			defaultConfigurationName = Release;
		};
		6D585B142D38AE4500B194FA /* Build configuration list for PBXNativeTarget "WeatherApp2" */ = {
			isa = XCConfigurationList;
			buildConfigurations = (
				6D585B152D38AE4500B194FA /* Debug */,
				6D585B162D38AE4500B194FA /* Release */,
			);
			defaultConfigurationIsVisible = 0;
			defaultConfigurationName = Release;
		};
		6D585B172D38AE4500B194FA /* Build configuration list for PBXNativeTarget "WeatherApp2Tests" */ = {
			isa = XCConfigurationList;
			buildConfigurations = (
				6D585B182D38AE4500B194FA /* Debug */,
				6D585B192D38AE4500B194FA /* Release */,
			);
			defaultConfigurationIsVisible = 0;
			defaultConfigurationName = Release;
		};
		6D585B1A2D38AE4500B194FA /* Build configuration list for PBXNativeTarget "WeatherApp2UITests" */ = {
			isa = XCConfigurationList;
			buildConfigurations = (
				6D585B1B2D38AE4500B194FA /* Debug */,
				6D585B1C2D38AE4500B194FA /* Release */,
			);
			defaultConfigurationIsVisible = 0;
			defaultConfigurationName = Release;
		};
/* End XCConfigurationList section */
	};
	rootObject = 6D585AE82D38AE4200B194FA /* Project object */;
}
